<?xml version="1.0" encoding="UTF-8" standalone="yes" ?>
<CodeBlocks_project_file>
	<FileVersion major="1" minor="6" />
	<Project>
		<Option title="flame" />
		<Option pch_mode="2" />
		<Option compiler="gcc" />
		<Option virtualFolders="include/;" />
		<Build>
			<Target title="Test">
				<Option output="bin/Test/run_test" prefix_auto="1" extension_auto="1" />
				<Option object_output="obj/Debug/" />
				<Option type="1" />
				<Option compiler="gcc" />
				<Compiler>
					<Add option="-g" />
					<Add option="-DTESTBUILD" />
					<Add option="-DDEBUG" />
				</Compiler>
				<Linker>
					<Add library="boost_unit_test_framework" />
				</Linker>
			</Target>
			<Target title="Debug">
				<Option output="bin/Debug/f661-exe_applyfunc" prefix_auto="1" extension_auto="1" />
				<Option object_output="obj/Debug/" />
				<Option type="1" />
				<Option compiler="gcc" />
				<Compiler>
					<Add option="-g" />
					<Add option="-DDEBUG" />
				</Compiler>
			</Target>
			<Target title="Release">
				<Option output="bin/Release/f661-exe_applyfunc" prefix_auto="1" extension_auto="1" />
				<Option object_output="obj/Release/" />
				<Option type="1" />
				<Option compiler="gcc" />
				<Compiler>
					<Add option="-O2" />
				</Compiler>
				<Linker>
					<Add option="-s" />
				</Linker>
			</Target>
		</Build>
		<Compiler>
			<Add option="-pedantic" />
			<Add option="-Wextra" />
			<Add option="-Wall" />
			<Add directory="." />
			<Add directory="/home/lsc/work/src/boost_1_48_0" />
			<Add directory="./src" />
		</Compiler>
		<Unit filename="include/flame.h" />
		<Unit filename="run_tests.cpp">
			<Option target="Test" />
		</Unit>
		<Unit filename="src/exceptions/all.hpp" />
		<Unit filename="src/exceptions/base.hpp" />
		<Unit filename="src/exceptions/exe.hpp" />
		<Unit filename="src/exceptions/mem.hpp" />
		<Unit filename="src/exe/task.cpp" />
		<Unit filename="src/exe/task.hpp" />
		<Unit filename="src/exe/task_manager.cpp" />
		<Unit filename="src/exe/task_manager.hpp" />
		<Unit filename="src/exe/tests/test_execution_module.cpp">
			<Option target="Test" />
		</Unit>
		<Unit filename="src/exe/tests/test_task_manager.cpp">
			<Option target="Test" />
		</Unit>
		<Unit filename="src/mem/agent_memory.cpp" />
		<Unit filename="src/mem/agent_memory.hpp" />
		<Unit filename="src/mem/memory_manager.cpp" />
		<Unit filename="src/mem/memory_manager.hpp" />
		<Unit filename="src/mem/tests/test_agent_memory.cpp">
			<Option target="Test" />
		</Unit>
		<Unit filename="src/mem/tests/test_memory_manager.cpp">
			<Option target="Test" />
		</Unit>
		<Unit filename="src/mem/vector_wrapper.hpp" />
		<Extensions>
			<code_completion />
			<debugger />
		</Extensions>
	</Project>
</CodeBlocks_project_file>
