<?xml version="1.0" encoding="UTF-8" standalone="yes" ?>
<CodeBlocks_project_file>
	<FileVersion major="1" minor="6" />
	<Project>
		<Option title="flame" />
		<Option pch_mode="2" />
		<Option compiler="gcc" />
		<Option virtualFolders="include/;" />
		<Build>
			<Target title="Test">
				<Option output="bin/Test/run_test" prefix_auto="1" extension_auto="1" />
				<Option object_output="obj/Debug/" />
				<Option type="1" />
				<Option compiler="gcc" />
				<Compiler>
					<Add option="-pedantic" />
					<Add option="-std=c++98" />
					<Add option="-Wextra" />
					<Add option="-Wall" />
					<Add option="-ansi" />
					<Add option="-g" />
					<Add option="-DTESTBUILD" />
					<Add option="-DDEBUG" />
					<Add directory="/usr/include/libxml2" />
				</Compiler>
				<Linker>
					<Add library="boost_unit_test_framework" />
					<Add library="boost_thread-mt" />
					<Add library="xml2" />
				</Linker>
			</Target>
			<Target title="Debug">
				<Option output="bin/Debug/f661-exe_applyfunc" prefix_auto="1" extension_auto="1" />
				<Option object_output="obj/Debug/" />
				<Option type="1" />
				<Option compiler="gcc" />
				<Compiler>
					<Add option="-g" />
					<Add option="-DDEBUG" />
				</Compiler>
			</Target>
			<Target title="Release">
				<Option output="bin/Release/f661-exe_applyfunc" prefix_auto="1" extension_auto="1" />
				<Option object_output="obj/Release/" />
				<Option type="1" />
				<Option compiler="gcc" />
				<Compiler>
					<Add option="-O2" />
					<Add option="-DDISABLE_RUNTIME_TYPE_CHECKING" />
				</Compiler>
				<Linker>
					<Add option="-s" />
				</Linker>
			</Target>
		</Build>
		<Compiler>
			<Add option="-pedantic" />
			<Add option="-Wextra" />
			<Add option="-Wall" />
			<Add directory="/home/lsc/work/src/boost_1_48_0" />
			<Add directory="./headers" />
			<Add directory="./src" />
		</Compiler>
		<Unit filename="headers/exceptions/all.hpp" />
		<Unit filename="headers/exceptions/base.hpp" />
		<Unit filename="headers/exceptions/exe.hpp" />
		<Unit filename="headers/exceptions/mem.hpp" />
		<Unit filename="headers/include/flame.h" />
		<Unit filename="run_tests.cpp">
			<Option target="Test" />
		</Unit>
		<Unit filename="src/compat/C/mb_api.cpp" />
		<Unit filename="src/compat/C/mem_api.cpp" />
		<Unit filename="src/exe/agent_task.cpp" />
		<Unit filename="src/exe/agent_task.hpp" />
		<Unit filename="src/exe/fifo_task_queue.cpp" />
		<Unit filename="src/exe/fifo_task_queue.hpp" />
		<Unit filename="src/exe/message_board_task.cpp" />
		<Unit filename="src/exe/message_board_task.hpp" />
		<Unit filename="src/exe/scheduler.cpp" />
		<Unit filename="src/exe/scheduler.hpp" />
		<Unit filename="src/exe/splitting_fifo_task_queue.cpp" />
		<Unit filename="src/exe/splitting_fifo_task_queue.h" />
		<Unit filename="src/exe/task_interface.hpp" />
		<Unit filename="src/exe/task_manager.cpp" />
		<Unit filename="src/exe/task_manager.hpp" />
		<Unit filename="src/exe/task_queue_interface.hpp" />
		<Unit filename="src/exe/task_splitter.cpp" />
		<Unit filename="src/exe/task_splitter.hpp" />
		<Unit filename="src/exe/tests/test_execution_module.cpp">
			<Option target="Test" />
		</Unit>
		<Unit filename="src/exe/tests/test_task_access_to_mb.cpp">
			<Option target="Test" />
		</Unit>
		<Unit filename="src/exe/tests/test_task_manager.cpp">
			<Option target="Test" />
		</Unit>
		<Unit filename="src/exe/tests/test_task_splitter.cpp">
			<Option target="Test" />
		</Unit>
		<Unit filename="src/exe/worker_thread.cpp" />
		<Unit filename="src/exe/worker_thread.hpp" />
		<Unit filename="src/mb/board_writer.cpp" />
		<Unit filename="src/mb/board_writer.hpp" />
		<Unit filename="src/mb/client.cpp" />
		<Unit filename="src/mb/client.hpp" />
		<Unit filename="src/mb/mb_common.hpp" />
		<Unit filename="src/mb/message.cpp" />
		<Unit filename="src/mb/message.hpp" />
		<Unit filename="src/mb/message_board.cpp" />
		<Unit filename="src/mb/message_board.hpp" />
		<Unit filename="src/mb/message_board_manager.cpp" />
		<Unit filename="src/mb/message_board_manager.hpp" />
		<Unit filename="src/mb/message_iterator.cpp" />
		<Unit filename="src/mb/message_iterator.hpp" />
		<Unit filename="src/mb/message_iterator_backend.cpp" />
		<Unit filename="src/mb/message_iterator_backend.hpp" />
		<Unit filename="src/mb/message_iterator_backend_raw.cpp" />
		<Unit filename="src/mb/message_iterator_backend_raw.hpp" />
		<Unit filename="src/mb/proxy.cpp" />
		<Unit filename="src/mb/proxy.hpp" />
		<Unit filename="src/mb/tests/test_board_iteration.cpp">
			<Option target="Test" />
		</Unit>
		<Unit filename="src/mb/tests/test_board_manager.cpp">
			<Option target="Test" />
		</Unit>
		<Unit filename="src/mb/tests/test_board_proxy.cpp">
			<Option target="Test" />
		</Unit>
		<Unit filename="src/mb/tests/test_board_writer.cpp">
			<Option target="Test" />
		</Unit>
		<Unit filename="src/mb/type_validator.hpp" />
		<Unit filename="src/mem/agent_memory.cpp" />
		<Unit filename="src/mem/agent_memory.hpp" />
		<Unit filename="src/mem/agent_shadow.cpp" />
		<Unit filename="src/mem/agent_shadow.hpp" />
		<Unit filename="src/mem/memory_iterator.cpp" />
		<Unit filename="src/mem/memory_iterator.hpp" />
		<Unit filename="src/mem/memory_manager.cpp" />
		<Unit filename="src/mem/memory_manager.hpp" />
		<Unit filename="src/mem/tests/test_agent_memory.cpp">
			<Option target="Test" />
		</Unit>
		<Unit filename="src/mem/tests/test_memory_iterator.cpp" />
		<Unit filename="src/mem/tests/test_memory_manager.cpp">
			<Option target="Test" />
		</Unit>
		<Unit filename="src/mem/tests/test_vector_wrapper.cpp">
			<Option target="Test" />
		</Unit>
		<Unit filename="src/mem/vector_wrapper.hpp" />
		<Extensions>
			<code_completion />
			<debugger />
		</Extensions>
	</Project>
</CodeBlocks_project_file>
